{
  "name": "tests_generate_binary",
  "version": "1.0.0",
  "lockfileVersion": 3,
  "requires": true,
  "packages": {
    "": {
      "name": "tests_generate_binary",
      "version": "1.0.0",
      "license": "Apache-2.0",
      "devDependencies": {
        "tests-common": "file:../tests_common_js"
      }
    },
    "../tests_common_js": {
      "name": "tests-common",
      "version": "1.0.0",
      "dev": true,
      "license": "Apache-2.0",
      "dependencies": {
        "@stellar/stellar-base": "^14.0.0"
      },
      "devDependencies": {
        "@types/node": "^20.12.12",
        "typescript": "^5.4.5"
      }
    },
    "node_modules/tests-common": {
      "resolved": "../tests_common_js",
      "link": true
    }
  }
}
